# THIS IS AN AUTOGENERATED FILE. DO NOT EDIT THIS FILE DIRECTLY.
# yarn lockfile v1


"@surrealdb/cbor@2.0.0-alpha.4":
  version "2.0.0-alpha.4"
  resolved "https://registry.yarnpkg.com/@surrealdb/cbor/-/cbor-2.0.0-alpha.4.tgz#0f94b22d9d4af357b8038b0ce11b79840226338d"
  integrity sha512-l/hNZ3ZCOJq8rzwx1y5ZV/8b2bYCWdhGqRVY33Pu50NAHyAW5qLsMn3ZBkZow77mAKwNCsbDsRGnyYEuU95mjw==

surrealdb@^2.0.0:
  version "2.0.0"
  resolved "https://registry.yarnpkg.com/surrealdb/-/surrealdb-2.0.0.tgz#7e5ca3fa0c9078bd629c6c1332ef2858d5fcfaee"
  integrity sha512-pntWVTrfoPUhoJ1ojBz6MA2eZqkR2G/zZDn5UFfUz0+/+XyaDZo+PfAFVm2SAEui7T8M/cYElWHwEy1DShotGw==
  dependencies:
    "@surrealdb/cbor" "2.0.0-alpha.4"
    uuidv7 "^1.0.1"

uuidv7@^1.0.1:
  version "1.1.0"
  resolved "https://registry.yarnpkg.com/uuidv7/-/uuidv7-1.1.0.tgz#6ef58df2dd7377083de1f70eec29cb66a0baf30c"
  integrity sha512-2VNnOC0+XQlwogChUDzy6pe8GQEys9QFZBGOh54l6qVfwoCUwwRvk7rDTgaIsRgsF5GFa5oiNg8LqXE3jofBBg==

ws@^8.19.0:
  version "8.19.0"
  resolved "https://registry.yarnpkg.com/ws/-/ws-8.19.0.tgz#ddc2bdfa5b9ad860204f5a72a4863a8895fd8c8b"
  integrity sha512-blAT2mjOEIi0ZzruJfIhb3nps74PRWTCz1IjglWEEpQl5XS/UNama6u2/rjFkDDouqr4L67ry+1aGIALViWjDg==
